
Microsoft Visual Studio Solution File, Format Version 12.00
Project("{F2A71F9B-5D33-465A-A702-920D77279786}") = "assembler", "assembler\assembler.fsproj", "{2D39C0A7-53E0-4F1B-A12C-375B8819637D}"
EndProject
Project("{F2A71F9B-5D33-465A-A702-920D77279786}") = "UnitTests", "UnitTests\UnitTests.fsproj", "{A03E99FA-B84B-47B7-B15D-0C217C55762A}"
EndProject
Global
	GlobalSection(SolutionConfigurationPlatforms) = preSolution
		Debug|Any CPU = Debug|Any CPU
		Release|Any CPU = Release|Any CPU
	EndGlobalSection
	GlobalSection(ProjectConfigurationPlatforms) = postSolution
		{2D39C0A7-53E0-4F1B-A12C-375B8819637D}.Debug|Any CPU.ActiveCfg = Debug|Any CPU
		{2D39C0A7-53E0-4F1B-A12C-375B8819637D}.Debug|Any CPU.Build.0 = Debug|Any CPU
		{2D39C0A7-53E0-4F1B-A12C-375B8819637D}.Release|Any CPU.ActiveCfg = Release|Any CPU
		{2D39C0A7-53E0-4F1B-A12C-375B8819637D}.Release|Any CPU.Build.0 = Release|Any CPU
		{A03E99FA-B84B-47B7-B15D-0C217C55762A}.Debug|Any CPU.ActiveCfg = Debug|Any CPU
		{A03E99FA-B84B-47B7-B15D-0C217C55762A}.Debug|Any CPU.Build.0 = Debug|Any CPU
		{A03E99FA-B84B-47B7-B15D-0C217C55762A}.Release|Any CPU.ActiveCfg = Release|Any CPU
		{A03E99FA-B84B-47B7-B15D-0C217C55762A}.Release|Any CPU.Build.0 = Release|Any CPU
	EndGlobalSection
EndGlobal
