
Microsoft Visual Studio Solution File, Format Version 12.00
Project("{F2A71F9B-5D33-465A-A702-920D77279786}") = "assembler", "assembler\assembler.fsproj", "{2D39C0A7-53E0-4F1B-A12C-375B8819637D}"
EndProject
Project("{F2A71F9B-5D33-465A-A702-920D77279786}") = "AssemblerTests", "AssemblerTests\AssemblerTests.fsproj", "{A03E99FA-B84B-47B7-B15D-0C217C55762A}"
EndProject
Project("{F2A71F9B-5D33-465A-A702-920D77279786}") = "vmil2asm", "vmil2asm\vmil2asm.fsproj", "{9D0A1D9A-ED01-4BAA-8F79-DE59B05720C6}"
EndProject
Project("{F2A71F9B-5D33-465A-A702-920D77279786}") = "vmil2asmTests", "vmil2asmTests\vmil2asmTests.fsproj", "{8B19905D-8778-42A1-9D79-C8CF6F2458FE}"
EndProject
Project("{F2A71F9B-5D33-465A-A702-920D77279786}") = "jackc", "jackc\jackc.fsproj", "{DDBE7C95-9AC3-46C4-ACF0-91374AC318ED}"
EndProject
Project("{F2A71F9B-5D33-465A-A702-920D77279786}") = "jackcTests", "jackcTests\jackcTests.fsproj", "{D0DA8A57-B68A-4616-81F7-043671AE2FF6}"
EndProject
Global
	GlobalSection(SolutionConfigurationPlatforms) = preSolution
		Debug|Any CPU = Debug|Any CPU
		Release|Any CPU = Release|Any CPU
	EndGlobalSection
	GlobalSection(ProjectConfigurationPlatforms) = postSolution
		{2D39C0A7-53E0-4F1B-A12C-375B8819637D}.Debug|Any CPU.ActiveCfg = Debug|Any CPU
		{2D39C0A7-53E0-4F1B-A12C-375B8819637D}.Debug|Any CPU.Build.0 = Debug|Any CPU
		{2D39C0A7-53E0-4F1B-A12C-375B8819637D}.Release|Any CPU.ActiveCfg = Release|Any CPU
		{2D39C0A7-53E0-4F1B-A12C-375B8819637D}.Release|Any CPU.Build.0 = Release|Any CPU
		{A03E99FA-B84B-47B7-B15D-0C217C55762A}.Debug|Any CPU.ActiveCfg = Debug|Any CPU
		{A03E99FA-B84B-47B7-B15D-0C217C55762A}.Debug|Any CPU.Build.0 = Debug|Any CPU
		{A03E99FA-B84B-47B7-B15D-0C217C55762A}.Release|Any CPU.ActiveCfg = Release|Any CPU
		{A03E99FA-B84B-47B7-B15D-0C217C55762A}.Release|Any CPU.Build.0 = Release|Any CPU
		{9D0A1D9A-ED01-4BAA-8F79-DE59B05720C6}.Debug|Any CPU.ActiveCfg = Debug|Any CPU
		{9D0A1D9A-ED01-4BAA-8F79-DE59B05720C6}.Debug|Any CPU.Build.0 = Debug|Any CPU
		{9D0A1D9A-ED01-4BAA-8F79-DE59B05720C6}.Release|Any CPU.ActiveCfg = Release|Any CPU
		{9D0A1D9A-ED01-4BAA-8F79-DE59B05720C6}.Release|Any CPU.Build.0 = Release|Any CPU
		{8B19905D-8778-42A1-9D79-C8CF6F2458FE}.Debug|Any CPU.ActiveCfg = Debug|Any CPU
		{8B19905D-8778-42A1-9D79-C8CF6F2458FE}.Debug|Any CPU.Build.0 = Debug|Any CPU
		{8B19905D-8778-42A1-9D79-C8CF6F2458FE}.Release|Any CPU.ActiveCfg = Release|Any CPU
		{8B19905D-8778-42A1-9D79-C8CF6F2458FE}.Release|Any CPU.Build.0 = Release|Any CPU
		{DDBE7C95-9AC3-46C4-ACF0-91374AC318ED}.Debug|Any CPU.ActiveCfg = Debug|Any CPU
		{DDBE7C95-9AC3-46C4-ACF0-91374AC318ED}.Debug|Any CPU.Build.0 = Debug|Any CPU
		{DDBE7C95-9AC3-46C4-ACF0-91374AC318ED}.Release|Any CPU.ActiveCfg = Release|Any CPU
		{DDBE7C95-9AC3-46C4-ACF0-91374AC318ED}.Release|Any CPU.Build.0 = Release|Any CPU
		{D0DA8A57-B68A-4616-81F7-043671AE2FF6}.Debug|Any CPU.ActiveCfg = Debug|Any CPU
		{D0DA8A57-B68A-4616-81F7-043671AE2FF6}.Debug|Any CPU.Build.0 = Debug|Any CPU
		{D0DA8A57-B68A-4616-81F7-043671AE2FF6}.Release|Any CPU.ActiveCfg = Release|Any CPU
		{D0DA8A57-B68A-4616-81F7-043671AE2FF6}.Release|Any CPU.Build.0 = Release|Any CPU
	EndGlobalSection
EndGlobal
